# This is a Gradle generated file for dependency locking.
# Manual edits can break the build and are not advised.
# This file is expected to be part of source control.
ch.qos.logback:logback-classic:1.4.14=testCompileClasspath,testFixturesCompileClasspath,testFixturesRuntimeClasspath,testRuntimeClasspath
ch.qos.logback:logback-core:1.4.14=testCompileClasspath,testFixturesCompileClasspath,testFixturesRuntimeClasspath,testRuntimeClasspath
com.fasterxml.jackson.core:jackson-annotations:2.15.4=testCompileClasspath,testFixturesCompileClasspath,testFixturesRuntimeClasspath,testRuntimeClasspath
com.fasterxml.jackson.core:jackson-core:2.15.4=testCompileClasspath,testFixturesCompileClasspath,testFixturesRuntimeClasspath,testRuntimeClasspath
com.fasterxml.jackson.core:jackson-databind:2.15.4=testCompileClasspath,testFixturesCompileClasspath,testFixturesRuntimeClasspath,testRuntimeClasspath
com.fasterxml.jackson.datatype:jackson-datatype-jdk8:2.15.4=testCompileClasspath,testFixturesCompileClasspath,testFixturesRuntimeClasspath,testRuntimeClasspath
com.fasterxml.jackson.datatype:jackson-datatype-jsr310:2.15.4=testCompileClasspath,testFixturesCompileClasspath,testFixturesRuntimeClasspath,testRuntimeClasspath
com.fasterxml.jackson.module:jackson-module-parameter-names:2.15.4=testCompileClasspath,testFixturesCompileClasspath,testFixturesRuntimeClasspath,testRuntimeClasspath
com.fasterxml.jackson:jackson-bom:2.15.4=testCompileClasspath,testFixturesCompileClasspath,testFixturesRuntimeClasspath,testRuntimeClasspath
com.fasterxml.staxmate:staxmate:2.4.0=sonarlintCoreClasspath
com.fasterxml.woodstox:woodstox-core:6.4.0=sonarlintCoreClasspath
com.github.jsqlparser:jsqlparser:4.6=compileClasspath,testCompileClasspath,testFixturesCompileClasspath,testFixturesRuntimeClasspath,testRuntimeClasspath
com.google.code.findbugs:jsr305:3.0.2=checkstyle,sonarlintCoreClasspath
com.google.code.gson:gson:2.10.1=sonarlintCoreClasspath
com.google.errorprone:error_prone_annotations:2.23.0=checkstyle
com.google.guava:failureaccess:1.0.2=checkstyle
com.google.guava:guava:33.0.0-jre=checkstyle
com.google.guava:listenablefuture:9999.0-empty-to-avoid-conflict-with-guava=checkstyle
com.h2database:h2:2.2.224=testFixturesRuntimeClasspath,testRuntimeClasspath
com.jayway.jsonpath:json-path:2.9.0=testCompileClasspath,testRuntimeClasspath
com.puppycrawl.tools:checkstyle:10.13.0=checkstyle
com.vaadin.external.google:android-json:0.0.20131108.vaadin1=testCompileClasspath,testRuntimeClasspath
commons-beanutils:commons-beanutils:1.9.4=checkstyle
commons-collections:commons-collections:3.2.2=checkstyle
commons-io:commons-io:2.11.0=sonarlintCoreClasspath
info.picocli:picocli:4.7.5=checkstyle
io.github.joselion:maybe:4.2.1=compileClasspath,productionRuntimeClasspath,runtimeClasspath,testCompileClasspath,testFixturesRuntimeClasspath,testRuntimeClasspath
io.micrometer:micrometer-commons:1.12.3=compileClasspath,testCompileClasspath,testFixturesCompileClasspath,testFixturesRuntimeClasspath,testRuntimeClasspath
io.micrometer:micrometer-observation:1.12.3=compileClasspath,testCompileClasspath,testFixturesCompileClasspath,testFixturesRuntimeClasspath,testRuntimeClasspath
io.netty:netty-buffer:4.1.107.Final=testCompileClasspath,testFixturesCompileClasspath,testFixturesRuntimeClasspath,testRuntimeClasspath
io.netty:netty-codec-dns:4.1.107.Final=testCompileClasspath,testFixturesCompileClasspath,testFixturesRuntimeClasspath,testRuntimeClasspath
io.netty:netty-codec-http2:4.1.107.Final=testCompileClasspath,testFixturesCompileClasspath,testFixturesRuntimeClasspath,testRuntimeClasspath
io.netty:netty-codec-http:4.1.107.Final=testCompileClasspath,testFixturesCompileClasspath,testFixturesRuntimeClasspath,testRuntimeClasspath
io.netty:netty-codec-socks:4.1.107.Final=testCompileClasspath,testFixturesCompileClasspath,testFixturesRuntimeClasspath,testRuntimeClasspath
io.netty:netty-codec:4.1.107.Final=testCompileClasspath,testFixturesCompileClasspath,testFixturesRuntimeClasspath,testRuntimeClasspath
io.netty:netty-common:4.1.107.Final=testCompileClasspath,testFixturesCompileClasspath,testFixturesRuntimeClasspath,testRuntimeClasspath
io.netty:netty-handler-proxy:4.1.107.Final=testCompileClasspath,testFixturesCompileClasspath,testFixturesRuntimeClasspath,testRuntimeClasspath
io.netty:netty-handler:4.1.107.Final=testCompileClasspath,testFixturesCompileClasspath,testFixturesRuntimeClasspath,testRuntimeClasspath
io.netty:netty-resolver-dns-classes-macos:4.1.107.Final=testCompileClasspath,testFixturesCompileClasspath,testFixturesRuntimeClasspath,testRuntimeClasspath
io.netty:netty-resolver-dns-native-macos:4.1.107.Final=testCompileClasspath,testFixturesCompileClasspath,testFixturesRuntimeClasspath,testRuntimeClasspath
io.netty:netty-resolver-dns:4.1.107.Final=testCompileClasspath,testFixturesCompileClasspath,testFixturesRuntimeClasspath,testRuntimeClasspath
io.netty:netty-resolver:4.1.107.Final=testCompileClasspath,testFixturesCompileClasspath,testFixturesRuntimeClasspath,testRuntimeClasspath
io.netty:netty-transport-classes-epoll:4.1.107.Final=testCompileClasspath,testFixturesCompileClasspath,testFixturesRuntimeClasspath,testRuntimeClasspath
io.netty:netty-transport-native-epoll:4.1.107.Final=testCompileClasspath,testFixturesCompileClasspath,testFixturesRuntimeClasspath,testRuntimeClasspath
io.netty:netty-transport-native-unix-common:4.1.107.Final=testCompileClasspath,testFixturesCompileClasspath,testFixturesRuntimeClasspath,testRuntimeClasspath
io.netty:netty-transport:4.1.107.Final=testCompileClasspath,testFixturesCompileClasspath,testFixturesRuntimeClasspath,testRuntimeClasspath
io.projectreactor.addons:reactor-extra:3.5.1=compileClasspath,productionRuntimeClasspath,runtimeClasspath,testCompileClasspath,testFixturesRuntimeClasspath,testRuntimeClasspath
io.projectreactor.addons:reactor-pool:1.0.5=testCompileClasspath,testFixturesCompileClasspath,testFixturesRuntimeClasspath,testRuntimeClasspath
io.projectreactor.netty:reactor-netty-core:1.1.16=testCompileClasspath,testFixturesCompileClasspath,testFixturesRuntimeClasspath,testRuntimeClasspath
io.projectreactor.netty:reactor-netty-http:1.1.16=testCompileClasspath,testFixturesCompileClasspath,testFixturesRuntimeClasspath,testRuntimeClasspath
io.projectreactor:reactor-core:3.6.3=compileClasspath,productionRuntimeClasspath,runtimeClasspath,testCompileClasspath,testFixturesCompileClasspath,testFixturesRuntimeClasspath,testRuntimeClasspath
io.projectreactor:reactor-test:3.6.3=testCompileClasspath,testRuntimeClasspath
io.r2dbc:r2dbc-h2:1.0.0.RELEASE=testFixturesRuntimeClasspath,testRuntimeClasspath
io.r2dbc:r2dbc-pool:1.0.1.RELEASE=testCompileClasspath,testFixturesCompileClasspath,testFixturesRuntimeClasspath,testRuntimeClasspath
io.r2dbc:r2dbc-spi:1.0.0.RELEASE=compileClasspath,testCompileClasspath,testFixturesCompileClasspath,testFixturesRuntimeClasspath,testRuntimeClasspath
jakarta.activation:jakarta.activation-api:2.1.2=testCompileClasspath,testRuntimeClasspath
jakarta.annotation:jakarta.annotation-api:2.1.1=testCompileClasspath,testFixturesCompileClasspath,testFixturesRuntimeClasspath,testRuntimeClasspath
jakarta.el:jakarta.el-api:4.0.0=sonarlintCoreClasspath
jakarta.xml.bind:jakarta.xml.bind-api:4.0.1=testCompileClasspath,testRuntimeClasspath
net.bytebuddy:byte-buddy-agent:1.14.12=testCompileClasspath,testRuntimeClasspath
net.bytebuddy:byte-buddy:1.14.12=testCompileClasspath,testRuntimeClasspath
net.minidev:accessors-smart:2.5.0=testCompileClasspath,testRuntimeClasspath
net.minidev:json-smart:2.5.0=testCompileClasspath,testRuntimeClasspath
net.sf.saxon:Saxon-HE:12.4=checkstyle
org.antlr:antlr4-runtime:4.13.1=checkstyle
org.apache.commons:commons-compress:1.21=sonarlintCoreClasspath
org.apache.commons:commons-lang3:3.13.0=checkstyle,sonarlintCoreClasspath
org.apache.commons:commons-text:1.3=checkstyle
org.apache.httpcomponents.client5:httpclient5:5.2.3=checkstyle
org.apache.httpcomponents.core5:httpcore5-h2:5.2.4=checkstyle
org.apache.httpcomponents.core5:httpcore5:5.2.4=checkstyle
org.apache.httpcomponents:httpclient:4.5.13=checkstyle
org.apache.httpcomponents:httpcore:4.4.16=checkstyle
org.apache.logging.log4j:log4j-api:2.21.1=testCompileClasspath,testFixturesCompileClasspath,testFixturesRuntimeClasspath,testRuntimeClasspath
org.apache.logging.log4j:log4j-to-slf4j:2.21.1=testCompileClasspath,testFixturesCompileClasspath,testFixturesRuntimeClasspath,testRuntimeClasspath
org.apache.maven.doxia:doxia-core:1.12.0=checkstyle
org.apache.maven.doxia:doxia-logging-api:1.12.0=checkstyle
org.apache.maven.doxia:doxia-module-xdoc:1.12.0=checkstyle
org.apache.maven.doxia:doxia-sink-api:1.12.0=checkstyle
org.apache.tomcat.embed:tomcat-embed-core:10.1.19=sonarlintCoreClasspath
org.apache.tomcat.embed:tomcat-embed-el:10.1.19=sonarlintCoreClasspath
org.apache.tomcat.embed:tomcat-embed-jasper:10.1.19=sonarlintCoreClasspath
org.apache.tomcat:tomcat-annotations-api:10.1.19=sonarlintCoreClasspath
org.apache.xbean:xbean-reflect:3.7=checkstyle
org.apiguardian:apiguardian-api:1.1.2=testCompileClasspath
org.assertj:assertj-core:3.25.3=testCompileClasspath,testRuntimeClasspath
org.awaitility:awaitility:4.2.0=testCompileClasspath,testRuntimeClasspath
org.checkerframework:checker-qual:3.42.0=checkstyle
org.codehaus.plexus:plexus-classworlds:2.6.0=checkstyle
org.codehaus.plexus:plexus-component-annotations:2.1.0=checkstyle
org.codehaus.plexus:plexus-container-default:2.1.0=checkstyle
org.codehaus.plexus:plexus-utils:3.3.0=checkstyle
org.codehaus.woodstox:stax2-api:4.2.1=sonarlintCoreClasspath
org.eclipse.jdt:org.eclipse.jdt.annotation:2.2.800=compileClasspath,testCompileClasspath,testFixturesCompileClasspath
org.glassfish:jakarta.el:4.0.2=sonarlintCoreClasspath
org.hamcrest:hamcrest:2.2=testCompileClasspath,testRuntimeClasspath
org.javassist:javassist:3.28.0-GA=checkstyle
org.junit.jupiter:junit-jupiter-api:5.10.2=testCompileClasspath,testRuntimeClasspath
org.junit.jupiter:junit-jupiter-engine:5.10.2=testRuntimeClasspath
org.junit.jupiter:junit-jupiter-params:5.10.2=testCompileClasspath,testRuntimeClasspath
org.junit.jupiter:junit-jupiter:5.10.2=testCompileClasspath,testRuntimeClasspath
org.junit.platform:junit-platform-commons:1.10.2=testCompileClasspath,testRuntimeClasspath
org.junit.platform:junit-platform-engine:1.10.2=testRuntimeClasspath
org.junit.platform:junit-platform-launcher:1.10.2=testRuntimeClasspath
org.junit:junit-bom:5.10.2=testCompileClasspath,testRuntimeClasspath
org.mockito:mockito-core:5.10.0=testCompileClasspath,testRuntimeClasspath
org.mockito:mockito-junit-jupiter:5.7.0=testCompileClasspath,testRuntimeClasspath
org.objenesis:objenesis:3.3=testRuntimeClasspath
org.opentest4j:opentest4j:1.3.0=testCompileClasspath,testRuntimeClasspath
org.ow2.asm:asm:9.0=sonarlintCoreClasspath
org.ow2.asm:asm:9.3=testCompileClasspath,testRuntimeClasspath
org.projectlombok:lombok:1.18.30=annotationProcessor,compileClasspath,testAnnotationProcessor,testCompileClasspath,testFixturesAnnotationProcessor,testFixturesCompileClasspath
org.reactivestreams:reactive-streams:1.0.4=compileClasspath,productionRuntimeClasspath,runtimeClasspath,testCompileClasspath,testFixturesCompileClasspath,testFixturesRuntimeClasspath,testRuntimeClasspath
org.reflections:reflections:0.10.2=checkstyle
org.skyscreamer:jsonassert:1.5.1=testCompileClasspath,testRuntimeClasspath
org.slf4j:jul-to-slf4j:2.0.12=testCompileClasspath,testFixturesCompileClasspath,testFixturesRuntimeClasspath,testRuntimeClasspath
org.slf4j:slf4j-api:2.0.12=compileClasspath,testCompileClasspath,testFixturesCompileClasspath,testFixturesRuntimeClasspath,testRuntimeClasspath
org.sonarsource.analyzer-commons:sonar-analyzer-commons:2.7.0.1482=sonarlintCoreClasspath
org.sonarsource.analyzer-commons:sonar-analyzer-recognizers:2.7.0.1482=sonarlintCoreClasspath
org.sonarsource.analyzer-commons:sonar-performance-measure:2.7.0.1482=sonarlintCoreClasspath
org.sonarsource.analyzer-commons:sonar-regex-parsing:2.7.0.1482=sonarlintCoreClasspath
org.sonarsource.analyzer-commons:sonar-xml-parsing:2.7.0.1482=sonarlintCoreClasspath
org.sonarsource.html:sonar-html-plugin:3.13.0.4821=sonarlintCoreClasspath
org.sonarsource.java:external-reports:7.31.0.34839=sonarlintCoreClasspath
org.sonarsource.java:java-checks-aws:7.31.0.34839=sonarlintCoreClasspath
org.sonarsource.java:java-checks-common:7.31.0.34839=sonarlintCoreClasspath
org.sonarsource.java:java-checks:7.31.0.34839=sonarlintCoreClasspath
org.sonarsource.java:java-frontend:7.31.0.34839=sonarlintCoreClasspath
org.sonarsource.java:java-jsp:7.31.0.34839=sonarlintCoreClasspath
org.sonarsource.java:java-surefire:7.31.0.34839=sonarlintCoreClasspath
org.sonarsource.java:java-symbolic-execution:7.31.0.34839=sonarlintCoreClasspath
org.sonarsource.java:jdt-package:1.0.0.9=sonarlintCoreClasspath
org.sonarsource.java:sonar-java-plugin:7.31.0.34839=sonarlintCoreClasspath
org.sonarsource.javascript:css:10.12.0.25537=sonarlintCoreClasspath
org.sonarsource.javascript:javascript-checks:10.12.0.25537=sonarlintCoreClasspath
org.sonarsource.javascript:sonar-javascript-plugin:10.12.0.25537=sonarlintCoreClasspath
org.sonarsource.kotlin:sonar-kotlin-plugin:2.20.0.4382=sonarlintCoreClasspath
org.sonarsource.slang:sonar-ruby-plugin:1.15.0.4655=sonarlintCoreClasspath
org.sonarsource.slang:sonar-scala-plugin:1.15.0.4655=sonarlintCoreClasspath
org.sonarsource.sonarlint.core:sonarlint-core:9.8.0.76914=sonarlintCore,sonarlintCoreClasspath
org.sonarsource.sslr:sslr-core:1.24.0.633=sonarlintCoreClasspath
org.sonarsource.xml:sonar-xml-plugin:2.10.0.4108=sonarlintCoreClasspath
org.springframework.boot:spring-boot-autoconfigure:3.2.3=testCompileClasspath,testFixturesCompileClasspath,testFixturesRuntimeClasspath,testRuntimeClasspath
org.springframework.boot:spring-boot-starter-data-r2dbc:3.2.3=testCompileClasspath,testFixturesCompileClasspath,testFixturesRuntimeClasspath,testRuntimeClasspath
org.springframework.boot:spring-boot-starter-json:3.2.3=testCompileClasspath,testFixturesCompileClasspath,testFixturesRuntimeClasspath,testRuntimeClasspath
org.springframework.boot:spring-boot-starter-logging:3.2.3=testCompileClasspath,testFixturesCompileClasspath,testFixturesRuntimeClasspath,testRuntimeClasspath
org.springframework.boot:spring-boot-starter-reactor-netty:3.2.3=testCompileClasspath,testFixturesCompileClasspath,testFixturesRuntimeClasspath,testRuntimeClasspath
org.springframework.boot:spring-boot-starter-test:3.2.3=testCompileClasspath,testRuntimeClasspath
org.springframework.boot:spring-boot-starter-webflux:3.2.3=testCompileClasspath,testFixturesCompileClasspath,testFixturesRuntimeClasspath,testRuntimeClasspath
org.springframework.boot:spring-boot-starter:3.2.3=testCompileClasspath,testFixturesCompileClasspath,testFixturesRuntimeClasspath,testRuntimeClasspath
org.springframework.boot:spring-boot-test-autoconfigure:3.2.3=testCompileClasspath,testRuntimeClasspath
org.springframework.boot:spring-boot-test:3.2.3=testCompileClasspath,testRuntimeClasspath
org.springframework.boot:spring-boot:3.2.3=testCompileClasspath,testFixturesCompileClasspath,testFixturesRuntimeClasspath,testRuntimeClasspath
org.springframework.data:spring-data-commons:3.2.3=compileClasspath,testCompileClasspath,testFixturesCompileClasspath,testFixturesRuntimeClasspath,testRuntimeClasspath
org.springframework.data:spring-data-r2dbc:3.2.3=compileClasspath,testCompileClasspath,testFixturesCompileClasspath,testFixturesRuntimeClasspath,testRuntimeClasspath
org.springframework.data:spring-data-relational:3.2.3=compileClasspath,testCompileClasspath,testFixturesCompileClasspath,testFixturesRuntimeClasspath,testRuntimeClasspath
org.springframework:spring-aop:6.1.4=compileClasspath,testCompileClasspath,testFixturesCompileClasspath,testFixturesRuntimeClasspath,testRuntimeClasspath
org.springframework:spring-beans:6.1.4=compileClasspath,testCompileClasspath,testFixturesCompileClasspath,testFixturesRuntimeClasspath,testRuntimeClasspath
org.springframework:spring-context:6.1.4=compileClasspath,testCompileClasspath,testFixturesCompileClasspath,testFixturesRuntimeClasspath,testRuntimeClasspath
org.springframework:spring-core:6.1.4=compileClasspath,sonarlintCoreClasspath,testCompileClasspath,testFixturesCompileClasspath,testFixturesRuntimeClasspath,testRuntimeClasspath
org.springframework:spring-expression:6.1.4=compileClasspath,sonarlintCoreClasspath,testCompileClasspath,testFixturesCompileClasspath,testFixturesRuntimeClasspath,testRuntimeClasspath
org.springframework:spring-jcl:6.1.4=compileClasspath,testCompileClasspath,testFixturesCompileClasspath,testFixturesRuntimeClasspath,testRuntimeClasspath
org.springframework:spring-jdbc:6.1.4=compileClasspath,testCompileClasspath,testFixturesCompileClasspath,testFixturesRuntimeClasspath,testRuntimeClasspath
org.springframework:spring-r2dbc:6.1.4=compileClasspath,testCompileClasspath,testFixturesCompileClasspath,testFixturesRuntimeClasspath,testRuntimeClasspath
org.springframework:spring-test:6.1.4=testCompileClasspath,testRuntimeClasspath
org.springframework:spring-tx:6.1.4=compileClasspath,testCompileClasspath,testFixturesCompileClasspath,testFixturesRuntimeClasspath,testRuntimeClasspath
org.springframework:spring-web:6.1.4=compileClasspath,testCompileClasspath,testFixturesCompileClasspath,testFixturesRuntimeClasspath,testRuntimeClasspath
org.springframework:spring-webflux:6.1.4=compileClasspath,testCompileClasspath,testFixturesCompileClasspath,testFixturesRuntimeClasspath,testRuntimeClasspath
org.tukaani:xz:1.9=sonarlintCoreClasspath
org.xmlresolver:xmlresolver:5.2.2=checkstyle
org.xmlunit:xmlunit-core:2.9.1=testCompileClasspath,testRuntimeClasspath
org.yaml:snakeyaml:2.2=testCompileClasspath,testFixturesCompileClasspath,testFixturesRuntimeClasspath,testRuntimeClasspath
xerces:xercesImpl:2.12.2=sonarlintCoreClasspath
xml-apis:xml-apis:1.4.01=sonarlintCoreClasspath
empty=developmentOnly,testAndDevelopmentOnly
